
Microsoft Visual Studio Solution File, Format Version 12.00
# Visual Studio Version 17
VisualStudioVersion = 17.7.34024.191
MinimumVisualStudioVersion = 10.0.40219.1
Project("{FAE04EC0-301F-11D3-BF4B-00C04F79EFBC}") = "ConsoleApp2", "ConsoleApp2\ConsoleApp2.csproj", "{ABF30EA4-5B33-40C8-B66F-42AC4D3C6CB6}"
EndProject
Global
	GlobalSection(SolutionConfigurationPlatforms) = preSolution
		Debug|Any CPU = Debug|Any CPU
		Release|Any CPU = Release|Any CPU
	EndGlobalSection
	GlobalSection(ProjectConfigurationPlatforms) = postSolution
		{ABF30EA4-5B33-40C8-B66F-42AC4D3C6CB6}.Debug|Any CPU.ActiveCfg = Debug|Any CPU
		{ABF30EA4-5B33-40C8-B66F-42AC4D3C6CB6}.Debug|Any CPU.Build.0 = Debug|Any CPU
		{ABF30EA4-5B33-40C8-B66F-42AC4D3C6CB6}.Release|Any CPU.ActiveCfg = Release|Any CPU
		{ABF30EA4-5B33-40C8-B66F-42AC4D3C6CB6}.Release|Any CPU.Build.0 = Release|Any CPU
	EndGlobalSection
	GlobalSection(SolutionProperties) = preSolution
		HideSolutionNode = FALSE
	EndGlobalSection
	GlobalSection(ExtensibilityGlobals) = postSolution
		SolutionGuid = {52985F6C-C8CA-4B5E-8DDF-FE04754A0FDD}
	EndGlobalSection
EndGlobal
