
Microsoft Visual Studio Solution File, Format Version 12.00
# Visual Studio Version 17
VisualStudioVersion = 17.7.34024.191
MinimumVisualStudioVersion = 10.0.40219.1
Project("{FAE04EC0-301F-11D3-BF4B-00C04F79EFBC}") = "prog_0802", "prog_0802\prog_0802.csproj", "{B57689E7-DE1F-4351-9754-71E7D88A84F9}"
EndProject
Global
	GlobalSection(SolutionConfigurationPlatforms) = preSolution
		Debug|Any CPU = Debug|Any CPU
		Release|Any CPU = Release|Any CPU
	EndGlobalSection
	GlobalSection(ProjectConfigurationPlatforms) = postSolution
		{B57689E7-DE1F-4351-9754-71E7D88A84F9}.Debug|Any CPU.ActiveCfg = Debug|Any CPU
		{B57689E7-DE1F-4351-9754-71E7D88A84F9}.Debug|Any CPU.Build.0 = Debug|Any CPU
		{B57689E7-DE1F-4351-9754-71E7D88A84F9}.Release|Any CPU.ActiveCfg = Release|Any CPU
		{B57689E7-DE1F-4351-9754-71E7D88A84F9}.Release|Any CPU.Build.0 = Release|Any CPU
	EndGlobalSection
	GlobalSection(SolutionProperties) = preSolution
		HideSolutionNode = FALSE
	EndGlobalSection
	GlobalSection(ExtensibilityGlobals) = postSolution
		SolutionGuid = {FB3C37DC-252E-473A-A132-0B2429A370F2}
	EndGlobalSection
EndGlobal
