
Microsoft Visual Studio Solution File, Format Version 12.00
# Visual Studio Version 17
VisualStudioVersion = 17.7.34024.191
MinimumVisualStudioVersion = 10.0.40219.1
Project("{FAE04EC0-301F-11D3-BF4B-00C04F79EFBC}") = "prog_2202", "prog_2202\prog_2202.csproj", "{92DEBF64-DC2B-4501-AFED-5021B9954971}"
EndProject
Global
	GlobalSection(SolutionConfigurationPlatforms) = preSolution
		Debug|Any CPU = Debug|Any CPU
		Release|Any CPU = Release|Any CPU
	EndGlobalSection
	GlobalSection(ProjectConfigurationPlatforms) = postSolution
		{92DEBF64-DC2B-4501-AFED-5021B9954971}.Debug|Any CPU.ActiveCfg = Debug|Any CPU
		{92DEBF64-DC2B-4501-AFED-5021B9954971}.Debug|Any CPU.Build.0 = Debug|Any CPU
		{92DEBF64-DC2B-4501-AFED-5021B9954971}.Release|Any CPU.ActiveCfg = Release|Any CPU
		{92DEBF64-DC2B-4501-AFED-5021B9954971}.Release|Any CPU.Build.0 = Release|Any CPU
	EndGlobalSection
	GlobalSection(SolutionProperties) = preSolution
		HideSolutionNode = FALSE
	EndGlobalSection
	GlobalSection(ExtensibilityGlobals) = postSolution
		SolutionGuid = {D5502831-A199-43A9-BD43-ADF02287D461}
	EndGlobalSection
EndGlobal
