
Microsoft Visual Studio Solution File, Format Version 12.00
# Visual Studio Version 17
VisualStudioVersion = 17.7.34024.191
MinimumVisualStudioVersion = 10.0.40219.1
Project("{FAE04EC0-301F-11D3-BF4B-00C04F79EFBC}") = "ukolautoskola", "ukolautoskola\ukolautoskola.csproj", "{C06070FF-63CB-46C9-94A6-8CD770D49AC6}"
EndProject
Global
	GlobalSection(SolutionConfigurationPlatforms) = preSolution
		Debug|Any CPU = Debug|Any CPU
		Release|Any CPU = Release|Any CPU
	EndGlobalSection
	GlobalSection(ProjectConfigurationPlatforms) = postSolution
		{C06070FF-63CB-46C9-94A6-8CD770D49AC6}.Debug|Any CPU.ActiveCfg = Debug|Any CPU
		{C06070FF-63CB-46C9-94A6-8CD770D49AC6}.Debug|Any CPU.Build.0 = Debug|Any CPU
		{C06070FF-63CB-46C9-94A6-8CD770D49AC6}.Release|Any CPU.ActiveCfg = Release|Any CPU
		{C06070FF-63CB-46C9-94A6-8CD770D49AC6}.Release|Any CPU.Build.0 = Release|Any CPU
	EndGlobalSection
	GlobalSection(SolutionProperties) = preSolution
		HideSolutionNode = FALSE
	EndGlobalSection
	GlobalSection(ExtensibilityGlobals) = postSolution
		SolutionGuid = {8C911629-5E8B-44A0-B1D3-94EC9A7C3590}
	EndGlobalSection
EndGlobal
